
Microsoft Visual Studio Solution File, Format Version 12.00
# Visual Studio Version 17
VisualStudioVersion = 17.11.35327.3
MinimumVisualStudioVersion = 10.0.40219.1
Project("{FAE04EC0-301F-11D3-BF4B-00C04F79EFBC}") = "autopark", "autopark.csproj", "{82AA087E-3C0F-4A28-8DD9-B911B91B272C}"
EndProject
Global
	GlobalSection(SolutionConfigurationPlatforms) = preSolution
		Debug|Any CPU = Debug|Any CPU
		Release|Any CPU = Release|Any CPU
	EndGlobalSection
	GlobalSection(ProjectConfigurationPlatforms) = postSolution
		{82AA087E-3C0F-4A28-8DD9-B911B91B272C}.Debug|Any CPU.ActiveCfg = Debug|Any CPU
		{82AA087E-3C0F-4A28-8DD9-B911B91B272C}.Debug|Any CPU.Build.0 = Debug|Any CPU
		{82AA087E-3C0F-4A28-8DD9-B911B91B272C}.Release|Any CPU.ActiveCfg = Release|Any CPU
		{82AA087E-3C0F-4A28-8DD9-B911B91B272C}.Release|Any CPU.Build.0 = Release|Any CPU
	EndGlobalSection
	GlobalSection(SolutionProperties) = preSolution
		HideSolutionNode = FALSE
	EndGlobalSection
	GlobalSection(ExtensibilityGlobals) = postSolution
		SolutionGuid = {515F9704-F63A-4D68-82E0-42AF3BD33710}
	EndGlobalSection
EndGlobal
